PODS:
  - AMScrollingNavbar (2.1.2)
  - MPSkewed (0.9.0)

DEPENDENCIES:
  - AMScrollingNavbar
  - MPSkewed

SPEC CHECKSUMS:
  AMScrollingNavbar: 403b8651052459b433941bd4bc4215a64b992e52
  MPSkewed: 53d2f5ae0ce57c2ee475107cfb8899426f0b68fa

PODFILE CHECKSUM: 690d2faf49588dfc33321f45f43247e1cdb0d6ba

COCOAPODS: 1.0.1
